# THIS IS AN AUTOGENERATED FILE. DO NOT EDIT THIS FILE DIRECTLY.
# yarn lockfile v1


"argparse@^2.0.1":
  "integrity" "sha512-8+9WqebbFzpX9OR+Wa6O29asIogeRMzcGtAINdpMHHyAg10f05aSFVBbcEqGf/PXw1EjAZ+q2/bEBg3DvurK3Q=="
  "resolved" "https://registry.npmjs.org/argparse/-/argparse-2.0.1.tgz"
  "version" "2.0.1"

"js-yaml@^4.1.0":
  "integrity" "sha512-wpxZs9NoxZaJESJGIZTyDEaYpl0FKSA+FB9aJiyemKhMwkxQg63h4T1KJgUGHpTqPDNRcmmYLugrRjJlBtWvRA=="
  "resolved" "https://registry.npmjs.org/js-yaml/-/js-yaml-4.1.0.tgz"
  "version" "4.1.0"
  dependencies:
    "argparse" "^2.0.1"

"lunr@^2.3.9":
  "integrity" "sha512-zTU3DaZaF3Rt9rhN3uBMGQD3dD2/vFQqnvZCDv4dl5iOzq2IZQqTxu90r4E5J+nP70J3ilqVCrbho2eWaeW8Ow=="
  "resolved" "https://registry.npmjs.org/lunr/-/lunr-2.3.9.tgz"
  "version" "2.3.9"
